
Microsoft Visual Studio Solution File, Format Version 12.00
# Visual Studio Version 16
VisualStudioVersion = 16.0.30621.155
MinimumVisualStudioVersion = 10.0.40219.1
Project("{FAE04EC0-301F-11D3-BF4B-00C04F79EFBC}") = "Ajastin", "Ajastin\Ajastin.csproj", "{09427538-3D8B-4424-917B-A17A3046F797}"
EndProject
Global
	GlobalSection(SolutionConfigurationPlatforms) = preSolution
		Debug|Any CPU = Debug|Any CPU
		Release|Any CPU = Release|Any CPU
	EndGlobalSection
	GlobalSection(ProjectConfigurationPlatforms) = postSolution
		{09427538-3D8B-4424-917B-A17A3046F797}.Debug|Any CPU.ActiveCfg = Debug|Any CPU
		{09427538-3D8B-4424-917B-A17A3046F797}.Debug|Any CPU.Build.0 = Debug|Any CPU
		{09427538-3D8B-4424-917B-A17A3046F797}.Release|Any CPU.ActiveCfg = Release|Any CPU
		{09427538-3D8B-4424-917B-A17A3046F797}.Release|Any CPU.Build.0 = Release|Any CPU
	EndGlobalSection
	GlobalSection(SolutionProperties) = preSolution
		HideSolutionNode = FALSE
	EndGlobalSection
	GlobalSection(ExtensibilityGlobals) = postSolution
		SolutionGuid = {EBBB15F6-E530-4D16-8559-2FB49D8B08CB}
	EndGlobalSection
EndGlobal
