
Microsoft Visual Studio Solution File, Format Version 12.00
# Visual Studio Version 16
VisualStudioVersion = 16.0.30621.155
MinimumVisualStudioVersion = 10.0.40219.1
Project("{FAE04EC0-301F-11D3-BF4B-00C04F79EFBC}") = "kymmenen_kysymystä", "kymmenen_kysymystä\kymmenen_kysymystä.csproj", "{0FE492C8-C5BD-44BC-A9B9-E2657B3CF124}"
EndProject
Global
	GlobalSection(SolutionConfigurationPlatforms) = preSolution
		Debug|Any CPU = Debug|Any CPU
		Release|Any CPU = Release|Any CPU
	EndGlobalSection
	GlobalSection(ProjectConfigurationPlatforms) = postSolution
		{0FE492C8-C5BD-44BC-A9B9-E2657B3CF124}.Debug|Any CPU.ActiveCfg = Debug|Any CPU
		{0FE492C8-C5BD-44BC-A9B9-E2657B3CF124}.Debug|Any CPU.Build.0 = Debug|Any CPU
		{0FE492C8-C5BD-44BC-A9B9-E2657B3CF124}.Release|Any CPU.ActiveCfg = Release|Any CPU
		{0FE492C8-C5BD-44BC-A9B9-E2657B3CF124}.Release|Any CPU.Build.0 = Release|Any CPU
	EndGlobalSection
	GlobalSection(SolutionProperties) = preSolution
		HideSolutionNode = FALSE
	EndGlobalSection
	GlobalSection(ExtensibilityGlobals) = postSolution
		SolutionGuid = {6ED2EB7E-0E97-434C-BB23-C3B994576F2A}
	EndGlobalSection
EndGlobal
