
Microsoft Visual Studio Solution File, Format Version 12.00
# Visual Studio Version 16
VisualStudioVersion = 16.0.30621.155
MinimumVisualStudioVersion = 10.0.40219.1
Project("{FAE04EC0-301F-11D3-BF4B-00C04F79EFBC}") = "Joku Csharp harjoitus", "Joku Csharp harjoitus\Joku Csharp harjoitus.csproj", "{23F4F030-8767-46CD-AC81-47E74BC23CB9}"
EndProject
Global
	GlobalSection(SolutionConfigurationPlatforms) = preSolution
		Debug|Any CPU = Debug|Any CPU
		Release|Any CPU = Release|Any CPU
	EndGlobalSection
	GlobalSection(ProjectConfigurationPlatforms) = postSolution
		{23F4F030-8767-46CD-AC81-47E74BC23CB9}.Debug|Any CPU.ActiveCfg = Debug|Any CPU
		{23F4F030-8767-46CD-AC81-47E74BC23CB9}.Debug|Any CPU.Build.0 = Debug|Any CPU
		{23F4F030-8767-46CD-AC81-47E74BC23CB9}.Release|Any CPU.ActiveCfg = Release|Any CPU
		{23F4F030-8767-46CD-AC81-47E74BC23CB9}.Release|Any CPU.Build.0 = Release|Any CPU
	EndGlobalSection
	GlobalSection(SolutionProperties) = preSolution
		HideSolutionNode = FALSE
	EndGlobalSection
	GlobalSection(ExtensibilityGlobals) = postSolution
		SolutionGuid = {50CFFB48-2A80-4112-9732-D693AF999E32}
	EndGlobalSection
EndGlobal
