
Microsoft Visual Studio Solution File, Format Version 12.00
# Visual Studio Version 16
VisualStudioVersion = 16.0.30621.155
MinimumVisualStudioVersion = 10.0.40219.1
Project("{FAE04EC0-301F-11D3-BF4B-00C04F79EFBC}") = "kirjautumisIkkuna", "kirjautumisIkkuna\kirjautumisIkkuna.csproj", "{7179AA2C-2B00-46BD-B79F-562A36E7736D}"
EndProject
Global
	GlobalSection(SolutionConfigurationPlatforms) = preSolution
		Debug|Any CPU = Debug|Any CPU
		Release|Any CPU = Release|Any CPU
	EndGlobalSection
	GlobalSection(ProjectConfigurationPlatforms) = postSolution
		{7179AA2C-2B00-46BD-B79F-562A36E7736D}.Debug|Any CPU.ActiveCfg = Debug|Any CPU
		{7179AA2C-2B00-46BD-B79F-562A36E7736D}.Debug|Any CPU.Build.0 = Debug|Any CPU
		{7179AA2C-2B00-46BD-B79F-562A36E7736D}.Release|Any CPU.ActiveCfg = Release|Any CPU
		{7179AA2C-2B00-46BD-B79F-562A36E7736D}.Release|Any CPU.Build.0 = Release|Any CPU
	EndGlobalSection
	GlobalSection(SolutionProperties) = preSolution
		HideSolutionNode = FALSE
	EndGlobalSection
	GlobalSection(ExtensibilityGlobals) = postSolution
		SolutionGuid = {76137D2D-9716-4A3F-B097-04DE24598F78}
	EndGlobalSection
EndGlobal
