
Microsoft Visual Studio Solution File, Format Version 12.00
# Visual Studio Version 16
VisualStudioVersion = 16.0.30621.155
MinimumVisualStudioVersion = 10.0.40219.1
Project("{FAE04EC0-301F-11D3-BF4B-00C04F79EFBC}") = "tiliTehtävä", "tiliTehtävä\tiliTehtävä.csproj", "{86365640-FB8E-44DD-8366-1264EE624842}"
EndProject
Global
	GlobalSection(SolutionConfigurationPlatforms) = preSolution
		Debug|Any CPU = Debug|Any CPU
		Release|Any CPU = Release|Any CPU
	EndGlobalSection
	GlobalSection(ProjectConfigurationPlatforms) = postSolution
		{86365640-FB8E-44DD-8366-1264EE624842}.Debug|Any CPU.ActiveCfg = Debug|Any CPU
		{86365640-FB8E-44DD-8366-1264EE624842}.Debug|Any CPU.Build.0 = Debug|Any CPU
		{86365640-FB8E-44DD-8366-1264EE624842}.Release|Any CPU.ActiveCfg = Release|Any CPU
		{86365640-FB8E-44DD-8366-1264EE624842}.Release|Any CPU.Build.0 = Release|Any CPU
	EndGlobalSection
	GlobalSection(SolutionProperties) = preSolution
		HideSolutionNode = FALSE
	EndGlobalSection
	GlobalSection(ExtensibilityGlobals) = postSolution
		SolutionGuid = {FA797EF4-5068-4B2A-BE45-D1A65095690B}
	EndGlobalSection
EndGlobal
