
Microsoft Visual Studio Solution File, Format Version 12.00
# Visual Studio Version 16
VisualStudioVersion = 16.0.30621.155
MinimumVisualStudioVersion = 10.0.40219.1
Project("{FAE04EC0-301F-11D3-BF4B-00C04F79EFBC}") = "harjoitus - crud", "harjoitus - crud\harjoitus - crud.csproj", "{956625A9-A7CD-4846-BDA4-9316230EC1F6}"
EndProject
Global
	GlobalSection(SolutionConfigurationPlatforms) = preSolution
		Debug|Any CPU = Debug|Any CPU
		Release|Any CPU = Release|Any CPU
	EndGlobalSection
	GlobalSection(ProjectConfigurationPlatforms) = postSolution
		{956625A9-A7CD-4846-BDA4-9316230EC1F6}.Debug|Any CPU.ActiveCfg = Debug|Any CPU
		{956625A9-A7CD-4846-BDA4-9316230EC1F6}.Debug|Any CPU.Build.0 = Debug|Any CPU
		{956625A9-A7CD-4846-BDA4-9316230EC1F6}.Release|Any CPU.ActiveCfg = Release|Any CPU
		{956625A9-A7CD-4846-BDA4-9316230EC1F6}.Release|Any CPU.Build.0 = Release|Any CPU
	EndGlobalSection
	GlobalSection(SolutionProperties) = preSolution
		HideSolutionNode = FALSE
	EndGlobalSection
	GlobalSection(ExtensibilityGlobals) = postSolution
		SolutionGuid = {AC9EC48E-AB8B-40B4-A54B-9CAF5AD17C20}
	EndGlobalSection
EndGlobal
